// !$*UTF8*$!
{
	archiveVersion = 1;
	classes = {
	};
	objectVersion = 46;
	objects = {

/* Begin PBXBuildFile section */
		CD6DFABC1F79EF0100C61F3B /* AppDelegate.swift in Sources */ = {isa = PBXBuildFile; fileRef = CD6DFABB1F79EF0100C61F3B /* AppDelegate.swift */; };
		CD6DFABE1F79EF0100C61F3B /* ViewController.swift in Sources */ = {isa = PBXBuildFile; fileRef = CD6DFABD1F79EF0100C61F3B /* ViewController.swift */; };
		CD6DFAC11F79EF0100C61F3B /* Main.storyboard in Resources */ = {isa = PBXBuildFile; fileRef = CD6DFABF1F79EF0100C61F3B /* Main.storyboard */; };
		CD6DFAC31F79EF0100C61F3B /* Assets.xcassets in Resources */ = {isa = PBXBuildFile; fileRef = CD6DFAC21F79EF0100C61F3B /* Assets.xcassets */; };
		CD6DFAC61F79EF0100C61F3B /* LaunchScreen.storyboard in Resources */ = {isa = PBXBuildFile; fileRef = CD6DFAC41F79EF0100C61F3B /* LaunchScreen.storyboard */; };
/* End PBXBuildFile section */

/* Begin PBXFileReference section */
		CD6DFAB81F79EF0100C61F3B /* SimpleGeoCodeTest_01.app */ = {isa = PBXFileReference; explicitFileType = wrapper.application; includeInIndex = 0; path = SimpleGeoCodeTest_01.app; sourceTree = BUILT_PRODUCTS_DIR; };
		CD6DFABB1F79EF0100C61F3B /* AppDelegate.swift */ = {isa = PBXFileReference; lastKnownFileType = sourcecode.swift; path = AppDelegate.swift; sourceTree = "<group>"; };
		CD6DFABD1F79EF0100C61F3B /* ViewController.swift */ = {isa = PBXFileReference; lastKnownFileType = sourcecode.swift; path = ViewController.swift; sourceTree = "<group>"; };
		CD6DFAC01F79EF0100C61F3B /* Base */ = {isa = PBXFileReference; lastKnownFileType = file.storyboard; name = Base; path = Base.lproj/Main.storyboard; sourceTree = "<group>"; };
		CD6DFAC21F79EF0100C61F3B /* Assets.xcassets */ = {isa = PBXFileReference; lastKnownFileType = folder.assetcatalog; path = Assets.xcassets; sourceTree = "<group>"; };
		CD6DFAC51F79EF0100C61F3B /* Base */ = {isa = PBXFileReference; lastKnownFileType = file.storyboard; name = Base; path = Base.lproj/LaunchScreen.storyboard; sourceTree = "<group>"; };
		CD6DFAC71F79EF0100C61F3B /* Info.plist */ = {isa = PBXFileReference; lastKnownFileType = text.plist.xml; path = Info.plist; sourceTree = "<group>"; };
/* End PBXFileReference section */

/* Begin PBXFrameworksBuildPhase section */
		CD6DFAB51F79EF0100C61F3B /* Frameworks */ = {
			isa = PBXFrameworksBuildPhase;
			buildActionMask = 2147483647;
			files = (
			);
			runOnlyForDeploymentPostprocessing = 0;
		};
/* End PBXFrameworksBuildPhase section */

/* Begin PBXGroup section */
		CD6DFAAF1F79EF0100C61F3B = {
			isa = PBXGroup;
			children = (
				CD6DFABA1F79EF0100C61F3B /* SimpleGeoCodeTest_01 */,
				CD6DFAB91F79EF0100C61F3B /* Products */,
			);
			sourceTree = "<group>";
		};
		CD6DFAB91F79EF0100C61F3B /* Products */ = {
			isa = PBXGroup;
			children = (
				CD6DFAB81F79EF0100C61F3B /* SimpleGeoCodeTest_01.app */,
			);
			name = Products;
			sourceTree = "<group>";
		};
		CD6DFABA1F79EF0100C61F3B /* SimpleGeoCodeTest_01 */ = {
			isa = PBXGroup;
			children = (
				CD6DFABB1F79EF0100C61F3B /* AppDelegate.swift */,
				CD6DFABD1F79EF0100C61F3B /* ViewController.swift */,
				CD6DFABF1F79EF0100C61F3B /* Main.storyboard */,
				CD6DFAC21F79EF0100C61F3B /* Assets.xcassets */,
				CD6DFAC41F79EF0100C61F3B /* LaunchScreen.storyboard */,
				CD6DFAC71F79EF0100C61F3B /* Info.plist */,
			);
			path = SimpleGeoCodeTest_01;
			sourceTree = "<group>";
		};
/* End PBXGroup section */

/* Begin PBXNativeTarget section */
		CD6DFAB71F79EF0100C61F3B /* SimpleGeoCodeTest_01 */ = {
			isa = PBXNativeTarget;
			buildConfigurationList = CD6DFACA1F79EF0100C61F3B /* Build configuration list for PBXNativeTarget "SimpleGeoCodeTest_01" */;
			buildPhases = (
				CD6DFAB41F79EF0100C61F3B /* Sources */,
				CD6DFAB51F79EF0100C61F3B /* Frameworks */,
				CD6DFAB61F79EF0100C61F3B /* Resources */,
			);
			buildRules = (
			);
			dependencies = (
			);
			name = SimpleGeoCodeTest_01;
			productName = SimpleGeoCodeTest_01;
			productReference = CD6DFAB81F79EF0100C61F3B /* SimpleGeoCodeTest_01.app */;
			productType = "com.apple.product-type.application";
		};
/* End PBXNativeTarget section */

/* Begin PBXProject section */
		CD6DFAB01F79EF0100C61F3B /* Project object */ = {
			isa = PBXProject;
			attributes = {
				LastSwiftUpdateCheck = 0830;
				LastUpgradeCheck = 0830;
				ORGANIZATIONNAME = D7703_21;
				TargetAttributes = {
					CD6DFAB71F79EF0100C61F3B = {
						CreatedOnToolsVersion = 8.3.3;
						ProvisioningStyle = Automatic;
					};
				};
			};
			buildConfigurationList = CD6DFAB31F79EF0100C61F3B /* Build configuration list for PBXProject "SimpleGeoCodeTest_01" */;
			compatibilityVersion = "Xcode 3.2";
			developmentRegion = English;
			hasScannedForEncodings = 0;
			knownRegions = (
				en,
				Base,
			);
			mainGroup = CD6DFAAF1F79EF0100C61F3B;
			productRefGroup = CD6DFAB91F79EF0100C61F3B /* Products */;
			projectDirPath = "";
			projectRoot = "";
			targets = (
				CD6DFAB71F79EF0100C61F3B /* SimpleGeoCodeTest_01 */,
			);
		};
/* End PBXProject section */

/* Begin PBXResourcesBuildPhase section */
		CD6DFAB61F79EF0100C61F3B /* Resources */ = {
			isa = PBXResourcesBuildPhase;
			buildActionMask = 2147483647;
			files = (
				CD6DFAC61F79EF0100C61F3B /* LaunchScreen.storyboard in Resources */,
				CD6DFAC31F79EF0100C61F3B /* Assets.xcassets in Resources */,
				CD6DFAC11F79EF0100C61F3B /* Main.storyboard in Resources */,
			);
			runOnlyForDeploymentPostprocessing = 0;
		};
/* End PBXResourcesBuildPhase section */

/* Begin PBXSourcesBuildPhase section */
		CD6DFAB41F79EF0100C61F3B /* Sources */ = {
			isa = PBXSourcesBuildPhase;
			buildActionMask = 2147483647;
			files = (
				CD6DFABE1F79EF0100C61F3B /* ViewController.swift in Sources */,
				CD6DFABC1F79EF0100C61F3B /* AppDelegate.swift in Sources */,
			);
			runOnlyForDeploymentPostprocessing = 0;
		};
/* End PBXSourcesBuildPhase section */

/* Begin PBXVariantGroup section */
		CD6DFABF1F79EF0100C61F3B /* Main.storyboard */ = {
			isa = PBXVariantGroup;
			children = (
				CD6DFAC01F79EF0100C61F3B /* Base */,
			);
			name = Main.storyboard;
			sourceTree = "<group>";
		};
		CD6DFAC41F79EF0100C61F3B /* LaunchScreen.storyboard */ = {
			isa = PBXVariantGroup;
			children = (
				CD6DFAC51F79EF0100C61F3B /* Base */,
			);
			name = LaunchScreen.storyboard;
			sourceTree = "<group>";
		};
/* End PBXVariantGroup section */

/* Begin XCBuildConfiguration section */
		CD6DFAC81F79EF0100C61F3B /* Debug */ = {
			isa = XCBuildConfiguration;
			buildSettings = {
				ALWAYS_SEARCH_USER_PATHS = NO;
				CLANG_ANALYZER_NONNULL = YES;
				CLANG_ANALYZER_NUMBER_OBJECT_CONVERSION = YES_AGGRESSIVE;
				CLANG_CXX_LANGUAGE_STANDARD = "gnu++0x";
				CLANG_CXX_LIBRARY = "libc++";
				CLANG_ENABLE_MODULES = YES;
				CLANG_ENABLE_OBJC_ARC = YES;
				CLANG_WARN_BOOL_CONVERSION = YES;
				CLANG_WARN_CONSTANT_CONVERSION = YES;
				CLANG_WARN_DIRECT_OBJC_ISA_USAGE = YES_ERROR;
				CLANG_WARN_DOCUMENTATION_COMMENTS = YES;
				CLANG_WARN_EMPTY_BODY = YES;
				CLANG_WARN_ENUM_CONVERSION = YES;
				CLANG_WARN_INFINITE_RECURSION = YES;
				CLANG_WARN_INT_CONVERSION = YES;
				CLANG_WARN_OBJC_ROOT_CLASS = YES_ERROR;
				CLANG_WARN_SUSPICIOUS_MOVE = YES;
				CLANG_WARN_UNREACHABLE_CODE = YES;
				CLANG_WARN__DUPLICATE_METHOD_MATCH = YES;
				"CODE_SIGN_IDENTITY[sdk=iphoneos*]" = "iPhone Developer";
				COPY_PHASE_STRIP = NO;
				DEBUG_INFORMATION_FORMAT = dwarf;
				ENABLE_STRICT_OBJC_MSGSEND = YES;
				ENABLE_TESTABILITY = YES;
				GCC_C_LANGUAGE_STANDARD = gnu99;
				GCC_DYNAMIC_NO_PIC = NO;
				GCC_NO_COMMON_BLOCKS = YES;
				GCC_OPTIMIZATION_LEVEL = 0;
				GCC_PREPROCESSOR_DEFINITIONS = (
					"DEBUG=1",
					"$(inherited)",
				);
				GCC_WARN_64_TO_32_BIT_CONVERSION = YES;
				GCC_WARN_ABOUT_RETURN_TYPE = YES_ERROR;
				GCC_WARN_UNDECLARED_SELECTOR = YES;
				GCC_WARN_UNINITIALIZED_AUTOS = YES_AGGRESSIVE;
				GCC_WARN_UNUSED_FUNCTION = YES;
				GCC_WARN_UNUSED_VARIABLE = YES;
				IPHONEOS_DEPLOYMENT_TARGET = 10.3;
				MTL_ENABLE_DEBUG_INFO = YES;
				ONLY_ACTIVE_ARCH = YES;
				SDKROOT = iphoneos;
				SWIFT_ACTIVE_COMPILATION_CONDITIONS = DEBUG;
				SWIFT_OPTIMIZATION_LEVEL = "-Onone";
			};
			name = Debug;
		};
		CD6DFAC91F79EF0100C61F3B /* Release */ = {
			isa = XCBuildConfiguration;
			buildSettings = {
				ALWAYS_SEARCH_USER_PATHS = NO;
				CLANG_ANALYZER_NONNULL = YES;
				CLANG_ANALYZER_NUMBER_OBJECT_CONVERSION = YES_AGGRESSIVE;
				CLANG_CXX_LANGUAGE_STANDARD = "gnu++0x";
				CLANG_CXX_LIBRARY = "libc++";
				CLANG_ENABLE_MODULES = YES;
				CLANG_ENABLE_OBJC_ARC = YES;
				CLANG_WARN_BOOL_CONVERSION = YES;
				CLANG_WARN_CONSTANT_CONVERSION = YES;
				CLANG_WARN_DIRECT_OBJC_ISA_USAGE = YES_ERROR;
				CLANG_WARN_DOCUMENTATION_COMMENTS = YES;
				CLANG_WARN_EMPTY_BODY = YES;
				CLANG_WARN_ENUM_CONVERSION = YES;
				CLANG_WARN_INFINITE_RECURSION = YES;
				CLANG_WARN_INT_CONVERSION = YES;
				CLANG_WARN_OBJC_ROOT_CLASS = YES_ERROR;
				CLANG_WARN_SUSPICIOUS_MOVE = YES;
				CLANG_WARN_UNREACHABLE_CODE = YES;
				CLANG_WARN__DUPLICATE_METHOD_MATCH = YES;
				"CODE_SIGN_IDENTITY[sdk=iphoneos*]" = "iPhone Developer";
				COPY_PHASE_STRIP = NO;
				DEBUG_INFORMATION_FORMAT = "dwarf-with-dsym";
				ENABLE_NS_ASSERTIONS = NO;
				ENABLE_STRICT_OBJC_MSGSEND = YES;
				GCC_C_LANGUAGE_STANDARD = gnu99;
				GCC_NO_COMMON_BLOCKS = YES;
				GCC_WARN_64_TO_32_BIT_CONVERSION = YES;
				GCC_WARN_ABOUT_RETURN_TYPE = YES_ERROR;
				GCC_WARN_UNDECLARED_SELECTOR = YES;
				GCC_WARN_UNINITIALIZED_AUTOS = YES_AGGRESSIVE;
				GCC_WARN_UNUSED_FUNCTION = YES;
				GCC_WARN_UNUSED_VARIABLE = YES;
				IPHONEOS_DEPLOYMENT_TARGET = 10.3;
				MTL_ENABLE_DEBUG_INFO = NO;
				SDKROOT = iphoneos;
				SWIFT_OPTIMIZATION_LEVEL = "-Owholemodule";
				VALIDATE_PRODUCT = YES;
			};
			name = Release;
		};
		CD6DFACB1F79EF0100C61F3B /* Debug */ = {
			isa = XCBuildConfiguration;
			buildSettings = {
				ASSETCATALOG_COMPILER_APPICON_NAME = AppIcon;
				INFOPLIST_FILE = SimpleGeoCodeTest_01/Info.plist;
				LD_RUNPATH_SEARCH_PATHS = "$(inherited) @executable_path/Frameworks";
				PRODUCT_BUNDLE_IDENTIFIER = "-01531479.SimpleGeoCodeTest-01";
				PRODUCT_NAME = "$(TARGET_NAME)";
				SWIFT_VERSION = 3.0;
			};
			name = Debug;
		};
		CD6DFACC1F79EF0100C61F3B /* Release */ = {
			isa = XCBuildConfiguration;
			buildSettings = {
				ASSETCATALOG_COMPILER_APPICON_NAME = AppIcon;
				INFOPLIST_FILE = SimpleGeoCodeTest_01/Info.plist;
				LD_RUNPATH_SEARCH_PATHS = "$(inherited) @executable_path/Frameworks";
				PRODUCT_BUNDLE_IDENTIFIER = "-01531479.SimpleGeoCodeTest-01";
				PRODUCT_NAME = "$(TARGET_NAME)";
				SWIFT_VERSION = 3.0;
			};
			name = Release;
		};
/* End XCBuildConfiguration section */

/* Begin XCConfigurationList section */
		CD6DFAB31F79EF0100C61F3B /* Build configuration list for PBXProject "SimpleGeoCodeTest_01" */ = {
			isa = XCConfigurationList;
			buildConfigurations = (
				CD6DFAC81F79EF0100C61F3B /* Debug */,
				CD6DFAC91F79EF0100C61F3B /* Release */,
			);
			defaultConfigurationIsVisible = 0;
			defaultConfigurationName = Release;
		};
		CD6DFACA1F79EF0100C61F3B /* Build configuration list for PBXNativeTarget "SimpleGeoCodeTest_01" */ = {
			isa = XCConfigurationList;
			buildConfigurations = (
				CD6DFACB1F79EF0100C61F3B /* Debug */,
				CD6DFACC1F79EF0100C61F3B /* Release */,
			);
			defaultConfigurationIsVisible = 0;
		};
/* End XCConfigurationList section */
	};
	rootObject = CD6DFAB01F79EF0100C61F3B /* Project object */;
}
